// !$*UTF8*$!
{
	archiveVersion = 1;
	classes = {
	};
	objectVersion = 55;
	objects = {

/* Begin PBXBuildFile section */
		DD0A0EA9277E04CE00918465 /* AppDelegate.swift in Sources */ = {isa = PBXBuildFile; fileRef = DD0A0EA8277E04CE00918465 /* AppDelegate.swift */; };
		DD0A0EAB277E04CE00918465 /* SceneDelegate.swift in Sources */ = {isa = PBXBuildFile; fileRef = DD0A0EAA277E04CE00918465 /* SceneDelegate.swift */; };
		DD0A0EAD277E04CE00918465 /* ViewController.swift in Sources */ = {isa = PBXBuildFile; fileRef = DD0A0EAC277E04CE00918465 /* ViewController.swift */; };
		DD0A0EB0277E04CE00918465 /* Main.storyboard in Resources */ = {isa = PBXBuildFile; fileRef = DD0A0EAE277E04CE00918465 /* Main.storyboard */; };
		DD0A0EB2277E04CF00918465 /* Assets.xcassets in Resources */ = {isa = PBXBuildFile; fileRef = DD0A0EB1277E04CF00918465 /* Assets.xcassets */; };
		DD0A0EB5277E04CF00918465 /* LaunchScreen.storyboard in Resources */ = {isa = PBXBuildFile; fileRef = DD0A0EB3277E04CF00918465 /* LaunchScreen.storyboard */; };
		DD0A0EBE277E04F100918465 /* Post.swift in Sources */ = {isa = PBXBuildFile; fileRef = DD0A0EBD277E04F100918465 /* Post.swift */; };
		DD0A0EC1277E132000918465 /* PostBaseViewController.swift in Sources */ = {isa = PBXBuildFile; fileRef = DD0A0EC0277E132000918465 /* PostBaseViewController.swift */; };
		DD0A0EC5277E140100918465 /* RenderingPostViewController.swift in Sources */ = {isa = PBXBuildFile; fileRef = DD0A0EC3277E140100918465 /* RenderingPostViewController.swift */; };
		DD0A0EC6277E140100918465 /* RenderingPostViewController.xib in Resources */ = {isa = PBXBuildFile; fileRef = DD0A0EC4277E140100918465 /* RenderingPostViewController.xib */; };
		DD0A0ECA277E1FB200918465 /* OnePixelPostViewController.swift in Sources */ = {isa = PBXBuildFile; fileRef = DD0A0EC8277E1FB200918465 /* OnePixelPostViewController.swift */; };
		DD0A0ECB277E1FB200918465 /* OnePixelPostViewController.xib in Resources */ = {isa = PBXBuildFile; fileRef = DD0A0EC9277E1FB200918465 /* OnePixelPostViewController.xib */; };
		DD0A0ED1277E211600918465 /* TimeTracker.swift in Sources */ = {isa = PBXBuildFile; fileRef = DD0A0ECD277E211600918465 /* TimeTracker.swift */; };
		DD0A0ED2277E211600918465 /* CoreImage+Extensions.swift in Sources */ = {isa = PBXBuildFile; fileRef = DD0A0ECE277E211600918465 /* CoreImage+Extensions.swift */; };
		DD0A0ED3277E211600918465 /* MemorySnapshot.swift in Sources */ = {isa = PBXBuildFile; fileRef = DD0A0ECF277E211600918465 /* MemorySnapshot.swift */; };
		DD0A0ED4277E211600918465 /* Numbers+Extensions.swift in Sources */ = {isa = PBXBuildFile; fileRef = DD0A0ED0277E211600918465 /* Numbers+Extensions.swift */; };
		DD0A0ED6277E213300918465 /* RenderView.swift in Sources */ = {isa = PBXBuildFile; fileRef = DD0A0ED5277E213300918465 /* RenderView.swift */; };
		DD0A0ED8277E223A00918465 /* UIKit+Extensions.swift in Sources */ = {isa = PBXBuildFile; fileRef = DD0A0ED7277E223A00918465 /* UIKit+Extensions.swift */; };
		DD0A0EEB277E4A3E00918465 /* GeometryExtension.swift in Sources */ = {isa = PBXBuildFile; fileRef = DD0A0EEA277E4A3E00918465 /* GeometryExtension.swift */; };
/* End PBXBuildFile section */

/* Begin PBXFileReference section */
		DD0A0EA5277E04CE00918465 /* BlogCompanion.app */ = {isa = PBXFileReference; explicitFileType = wrapper.application; includeInIndex = 0; path = BlogCompanion.app; sourceTree = BUILT_PRODUCTS_DIR; };
		DD0A0EA8277E04CE00918465 /* AppDelegate.swift */ = {isa = PBXFileReference; lastKnownFileType = sourcecode.swift; path = AppDelegate.swift; sourceTree = "<group>"; };
		DD0A0EAA277E04CE00918465 /* SceneDelegate.swift */ = {isa = PBXFileReference; lastKnownFileType = sourcecode.swift; path = SceneDelegate.swift; sourceTree = "<group>"; };
		DD0A0EAC277E04CE00918465 /* ViewController.swift */ = {isa = PBXFileReference; lastKnownFileType = sourcecode.swift; path = ViewController.swift; sourceTree = "<group>"; };
		DD0A0EAF277E04CE00918465 /* Base */ = {isa = PBXFileReference; lastKnownFileType = file.storyboard; name = Base; path = Base.lproj/Main.storyboard; sourceTree = "<group>"; };
		DD0A0EB1277E04CF00918465 /* Assets.xcassets */ = {isa = PBXFileReference; lastKnownFileType = folder.assetcatalog; path = Assets.xcassets; sourceTree = "<group>"; };
		DD0A0EB4277E04CF00918465 /* Base */ = {isa = PBXFileReference; lastKnownFileType = file.storyboard; name = Base; path = Base.lproj/LaunchScreen.storyboard; sourceTree = "<group>"; };
		DD0A0EB6277E04CF00918465 /* Info.plist */ = {isa = PBXFileReference; lastKnownFileType = text.plist.xml; path = Info.plist; sourceTree = "<group>"; };
		DD0A0EBD277E04F100918465 /* Post.swift */ = {isa = PBXFileReference; lastKnownFileType = sourcecode.swift; path = Post.swift; sourceTree = "<group>"; };
		DD0A0EC0277E132000918465 /* PostBaseViewController.swift */ = {isa = PBXFileReference; lastKnownFileType = sourcecode.swift; path = PostBaseViewController.swift; sourceTree = "<group>"; };
		DD0A0EC3277E140100918465 /* RenderingPostViewController.swift */ = {isa = PBXFileReference; lastKnownFileType = sourcecode.swift; path = RenderingPostViewController.swift; sourceTree = "<group>"; };
		DD0A0EC4277E140100918465 /* RenderingPostViewController.xib */ = {isa = PBXFileReference; lastKnownFileType = file.xib; path = RenderingPostViewController.xib; sourceTree = "<group>"; };
		DD0A0EC8277E1FB200918465 /* OnePixelPostViewController.swift */ = {isa = PBXFileReference; lastKnownFileType = sourcecode.swift; path = OnePixelPostViewController.swift; sourceTree = "<group>"; };
		DD0A0EC9277E1FB200918465 /* OnePixelPostViewController.xib */ = {isa = PBXFileReference; lastKnownFileType = file.xib; path = OnePixelPostViewController.xib; sourceTree = "<group>"; };
		DD0A0ECD277E211600918465 /* TimeTracker.swift */ = {isa = PBXFileReference; fileEncoding = 4; lastKnownFileType = sourcecode.swift; path = TimeTracker.swift; sourceTree = "<group>"; };
		DD0A0ECE277E211600918465 /* CoreImage+Extensions.swift */ = {isa = PBXFileReference; fileEncoding = 4; lastKnownFileType = sourcecode.swift; path = "CoreImage+Extensions.swift"; sourceTree = "<group>"; };
		DD0A0ECF277E211600918465 /* MemorySnapshot.swift */ = {isa = PBXFileReference; fileEncoding = 4; lastKnownFileType = sourcecode.swift; path = MemorySnapshot.swift; sourceTree = "<group>"; };
		DD0A0ED0277E211600918465 /* Numbers+Extensions.swift */ = {isa = PBXFileReference; fileEncoding = 4; lastKnownFileType = sourcecode.swift; path = "Numbers+Extensions.swift"; sourceTree = "<group>"; };
		DD0A0ED5277E213300918465 /* RenderView.swift */ = {isa = PBXFileReference; lastKnownFileType = sourcecode.swift; path = RenderView.swift; sourceTree = "<group>"; };
		DD0A0ED7277E223A00918465 /* UIKit+Extensions.swift */ = {isa = PBXFileReference; lastKnownFileType = sourcecode.swift; path = "UIKit+Extensions.swift"; sourceTree = "<group>"; };
		DD0A0EEA277E4A3E00918465 /* GeometryExtension.swift */ = {isa = PBXFileReference; lastKnownFileType = sourcecode.swift; path = GeometryExtension.swift; sourceTree = "<group>"; };
/* End PBXFileReference section */

/* Begin PBXFrameworksBuildPhase section */
		DD0A0EA2277E04CE00918465 /* Frameworks */ = {
			isa = PBXFrameworksBuildPhase;
			buildActionMask = 2147483647;
			files = (
			);
			runOnlyForDeploymentPostprocessing = 0;
		};
/* End PBXFrameworksBuildPhase section */

/* Begin PBXGroup section */
		DD0A0E9C277E04CE00918465 = {
			isa = PBXGroup;
			children = (
				DD0A0EA7277E04CE00918465 /* BlogCompanion */,
				DD0A0EA6277E04CE00918465 /* Products */,
			);
			sourceTree = "<group>";
		};
		DD0A0EA6277E04CE00918465 /* Products */ = {
			isa = PBXGroup;
			children = (
				DD0A0EA5277E04CE00918465 /* BlogCompanion.app */,
			);
			name = Products;
			sourceTree = "<group>";
		};
		DD0A0EA7277E04CE00918465 /* BlogCompanion */ = {
			isa = PBXGroup;
			children = (
				DD0A0ECC277E211600918465 /* Utilities */,
				DD0A0EBC277E04D800918465 /* Models */,
				DD0A0EA8277E04CE00918465 /* AppDelegate.swift */,
				DD0A0EAA277E04CE00918465 /* SceneDelegate.swift */,
				DD0A0EAC277E04CE00918465 /* ViewController.swift */,
				DD0A0EBF277E12F700918465 /* PostPages */,
				DD0A0EDB277E254D00918465 /* Resources */,
				DD0A0EAE277E04CE00918465 /* Main.storyboard */,
				DD0A0EB1277E04CF00918465 /* Assets.xcassets */,
				DD0A0EB3277E04CF00918465 /* LaunchScreen.storyboard */,
				DD0A0EB6277E04CF00918465 /* Info.plist */,
			);
			path = BlogCompanion;
			sourceTree = "<group>";
		};
		DD0A0EBC277E04D800918465 /* Models */ = {
			isa = PBXGroup;
			children = (
				DD0A0EBD277E04F100918465 /* Post.swift */,
			);
			path = Models;
			sourceTree = "<group>";
		};
		DD0A0EBF277E12F700918465 /* PostPages */ = {
			isa = PBXGroup;
			children = (
				DD0A0EC7277E1F9700918465 /* OnePixel */,
				DD0A0EC0277E132000918465 /* PostBaseViewController.swift */,
				DD0A0EC2277E13E600918465 /* Rendering */,
			);
			path = PostPages;
			sourceTree = "<group>";
		};
		DD0A0EC2277E13E600918465 /* Rendering */ = {
			isa = PBXGroup;
			children = (
				DD0A0EC3277E140100918465 /* RenderingPostViewController.swift */,
				DD0A0EC4277E140100918465 /* RenderingPostViewController.xib */,
			);
			path = Rendering;
			sourceTree = "<group>";
		};
		DD0A0EC7277E1F9700918465 /* OnePixel */ = {
			isa = PBXGroup;
			children = (
				DD0A0EC8277E1FB200918465 /* OnePixelPostViewController.swift */,
				DD0A0EC9277E1FB200918465 /* OnePixelPostViewController.xib */,
			);
			path = OnePixel;
			sourceTree = "<group>";
		};
		DD0A0ECC277E211600918465 /* Utilities */ = {
			isa = PBXGroup;
			children = (
				DD0A0EDA277E225200918465 /* Helpers */,
				DD0A0ED9277E224200918465 /* Extensions */,
			);
			path = Utilities;
			sourceTree = SOURCE_ROOT;
		};
		DD0A0ED9277E224200918465 /* Extensions */ = {
			isa = PBXGroup;
			children = (
				DD0A0ECE277E211600918465 /* CoreImage+Extensions.swift */,
				DD0A0EEA277E4A3E00918465 /* GeometryExtension.swift */,
				DD0A0ED0277E211600918465 /* Numbers+Extensions.swift */,
				DD0A0ED7277E223A00918465 /* UIKit+Extensions.swift */,
			);
			path = Extensions;
			sourceTree = "<group>";
		};
		DD0A0EDA277E225200918465 /* Helpers */ = {
			isa = PBXGroup;
			children = (
				DD0A0ECD277E211600918465 /* TimeTracker.swift */,
				DD0A0ECF277E211600918465 /* MemorySnapshot.swift */,
				DD0A0ED5277E213300918465 /* RenderView.swift */,
			);
			path = Helpers;
			sourceTree = "<group>";
		};
		DD0A0EDB277E254D00918465 /* Resources */ = {
			isa = PBXGroup;
			children = (
			);
			path = Resources;
			sourceTree = "<group>";
		};
/* End PBXGroup section */

/* Begin PBXNativeTarget section */
		DD0A0EA4277E04CE00918465 /* BlogCompanion */ = {
			isa = PBXNativeTarget;
			buildConfigurationList = DD0A0EB9277E04CF00918465 /* Build configuration list for PBXNativeTarget "BlogCompanion" */;
			buildPhases = (
				DD0A0EA1277E04CE00918465 /* Sources */,
				DD0A0EA2277E04CE00918465 /* Frameworks */,
				DD0A0EA3277E04CE00918465 /* Resources */,
			);
			buildRules = (
			);
			dependencies = (
			);
			name = BlogCompanion;
			productName = BlogCompanion;
			productReference = DD0A0EA5277E04CE00918465 /* BlogCompanion.app */;
			productType = "com.apple.product-type.application";
		};
/* End PBXNativeTarget section */

/* Begin PBXProject section */
		DD0A0E9D277E04CE00918465 /* Project object */ = {
			isa = PBXProject;
			attributes = {
				BuildIndependentTargetsInParallel = 1;
				LastSwiftUpdateCheck = 1310;
				LastUpgradeCheck = 1310;
				TargetAttributes = {
					DD0A0EA4277E04CE00918465 = {
						CreatedOnToolsVersion = 13.1;
					};
				};
			};
			buildConfigurationList = DD0A0EA0277E04CE00918465 /* Build configuration list for PBXProject "BlogCompanion" */;
			compatibilityVersion = "Xcode 13.0";
			developmentRegion = en;
			hasScannedForEncodings = 0;
			knownRegions = (
				en,
				Base,
			);
			mainGroup = DD0A0E9C277E04CE00918465;
			productRefGroup = DD0A0EA6277E04CE00918465 /* Products */;
			projectDirPath = "";
			projectRoot = "";
			targets = (
				DD0A0EA4277E04CE00918465 /* BlogCompanion */,
			);
		};
/* End PBXProject section */

/* Begin PBXResourcesBuildPhase section */
		DD0A0EA3277E04CE00918465 /* Resources */ = {
			isa = PBXResourcesBuildPhase;
			buildActionMask = 2147483647;
			files = (
				DD0A0EB5277E04CF00918465 /* LaunchScreen.storyboard in Resources */,
				DD0A0EB2277E04CF00918465 /* Assets.xcassets in Resources */,
				DD0A0ECB277E1FB200918465 /* OnePixelPostViewController.xib in Resources */,
				DD0A0EB0277E04CE00918465 /* Main.storyboard in Resources */,
				DD0A0EC6277E140100918465 /* RenderingPostViewController.xib in Resources */,
			);
			runOnlyForDeploymentPostprocessing = 0;
		};
/* End PBXResourcesBuildPhase section */

/* Begin PBXSourcesBuildPhase section */
		DD0A0EA1277E04CE00918465 /* Sources */ = {
			isa = PBXSourcesBuildPhase;
			buildActionMask = 2147483647;
			files = (
				DD0A0ECA277E1FB200918465 /* OnePixelPostViewController.swift in Sources */,
				DD0A0ED4277E211600918465 /* Numbers+Extensions.swift in Sources */,
				DD0A0ED6277E213300918465 /* RenderView.swift in Sources */,
				DD0A0EAD277E04CE00918465 /* ViewController.swift in Sources */,
				DD0A0ED8277E223A00918465 /* UIKit+Extensions.swift in Sources */,
				DD0A0ED2277E211600918465 /* CoreImage+Extensions.swift in Sources */,
				DD0A0EC5277E140100918465 /* RenderingPostViewController.swift in Sources */,
				DD0A0EA9277E04CE00918465 /* AppDelegate.swift in Sources */,
				DD0A0EAB277E04CE00918465 /* SceneDelegate.swift in Sources */,
				DD0A0ED3277E211600918465 /* MemorySnapshot.swift in Sources */,
				DD0A0EBE277E04F100918465 /* Post.swift in Sources */,
				DD0A0EC1277E132000918465 /* PostBaseViewController.swift in Sources */,
				DD0A0ED1277E211600918465 /* TimeTracker.swift in Sources */,
				DD0A0EEB277E4A3E00918465 /* GeometryExtension.swift in Sources */,
			);
			runOnlyForDeploymentPostprocessing = 0;
		};
/* End PBXSourcesBuildPhase section */

/* Begin PBXVariantGroup section */
		DD0A0EAE277E04CE00918465 /* Main.storyboard */ = {
			isa = PBXVariantGroup;
			children = (
				DD0A0EAF277E04CE00918465 /* Base */,
			);
			name = Main.storyboard;
			sourceTree = "<group>";
		};
		DD0A0EB3277E04CF00918465 /* LaunchScreen.storyboard */ = {
			isa = PBXVariantGroup;
			children = (
				DD0A0EB4277E04CF00918465 /* Base */,
			);
			name = LaunchScreen.storyboard;
			sourceTree = "<group>";
		};
/* End PBXVariantGroup section */

/* Begin XCBuildConfiguration section */
		DD0A0EB7277E04CF00918465 /* Debug */ = {
			isa = XCBuildConfiguration;
			buildSettings = {
				ALWAYS_SEARCH_USER_PATHS = NO;
				CLANG_ANALYZER_NONNULL = YES;
				CLANG_ANALYZER_NUMBER_OBJECT_CONVERSION = YES_AGGRESSIVE;
				CLANG_CXX_LANGUAGE_STANDARD = "gnu++17";
				CLANG_CXX_LIBRARY = "libc++";
				CLANG_ENABLE_MODULES = YES;
				CLANG_ENABLE_OBJC_ARC = YES;
				CLANG_ENABLE_OBJC_WEAK = YES;
				CLANG_WARN_BLOCK_CAPTURE_AUTORELEASING = YES;
				CLANG_WARN_BOOL_CONVERSION = YES;
				CLANG_WARN_COMMA = YES;
				CLANG_WARN_CONSTANT_CONVERSION = YES;
				CLANG_WARN_DEPRECATED_OBJC_IMPLEMENTATIONS = YES;
				CLANG_WARN_DIRECT_OBJC_ISA_USAGE = YES_ERROR;
				CLANG_WARN_DOCUMENTATION_COMMENTS = YES;
				CLANG_WARN_EMPTY_BODY = YES;
				CLANG_WARN_ENUM_CONVERSION = YES;
				CLANG_WARN_INFINITE_RECURSION = YES;
				CLANG_WARN_INT_CONVERSION = YES;
				CLANG_WARN_NON_LITERAL_NULL_CONVERSION = YES;
				CLANG_WARN_OBJC_IMPLICIT_RETAIN_SELF = YES;
				CLANG_WARN_OBJC_LITERAL_CONVERSION = YES;
				CLANG_WARN_OBJC_ROOT_CLASS = YES_ERROR;
				CLANG_WARN_QUOTED_INCLUDE_IN_FRAMEWORK_HEADER = YES;
				CLANG_WARN_RANGE_LOOP_ANALYSIS = YES;
				CLANG_WARN_STRICT_PROTOTYPES = YES;
				CLANG_WARN_SUSPICIOUS_MOVE = YES;
				CLANG_WARN_UNGUARDED_AVAILABILITY = YES_AGGRESSIVE;
				CLANG_WARN_UNREACHABLE_CODE = YES;
				CLANG_WARN__DUPLICATE_METHOD_MATCH = YES;
				COPY_PHASE_STRIP = NO;
				DEBUG_INFORMATION_FORMAT = dwarf;
				ENABLE_STRICT_OBJC_MSGSEND = YES;
				ENABLE_TESTABILITY = YES;
				GCC_C_LANGUAGE_STANDARD = gnu11;
				GCC_DYNAMIC_NO_PIC = NO;
				GCC_NO_COMMON_BLOCKS = YES;
				GCC_OPTIMIZATION_LEVEL = 0;
				GCC_PREPROCESSOR_DEFINITIONS = (
					"DEBUG=1",
					"$(inherited)",
				);
				GCC_WARN_64_TO_32_BIT_CONVERSION = YES;
				GCC_WARN_ABOUT_RETURN_TYPE = YES_ERROR;
				GCC_WARN_UNDECLARED_SELECTOR = YES;
				GCC_WARN_UNINITIALIZED_AUTOS = YES_AGGRESSIVE;
				GCC_WARN_UNUSED_FUNCTION = YES;
				GCC_WARN_UNUSED_VARIABLE = YES;
				IPHONEOS_DEPLOYMENT_TARGET = 15.0;
				MTL_ENABLE_DEBUG_INFO = INCLUDE_SOURCE;
				MTL_FAST_MATH = YES;
				ONLY_ACTIVE_ARCH = YES;
				SDKROOT = iphoneos;
				SWIFT_ACTIVE_COMPILATION_CONDITIONS = DEBUG;
				SWIFT_OPTIMIZATION_LEVEL = "-Onone";
			};
			name = Debug;
		};
		DD0A0EB8277E04CF00918465 /* Release */ = {
			isa = XCBuildConfiguration;
			buildSettings = {
				ALWAYS_SEARCH_USER_PATHS = NO;
				CLANG_ANALYZER_NONNULL = YES;
				CLANG_ANALYZER_NUMBER_OBJECT_CONVERSION = YES_AGGRESSIVE;
				CLANG_CXX_LANGUAGE_STANDARD = "gnu++17";
				CLANG_CXX_LIBRARY = "libc++";
				CLANG_ENABLE_MODULES = YES;
				CLANG_ENABLE_OBJC_ARC = YES;
				CLANG_ENABLE_OBJC_WEAK = YES;
				CLANG_WARN_BLOCK_CAPTURE_AUTORELEASING = YES;
				CLANG_WARN_BOOL_CONVERSION = YES;
				CLANG_WARN_COMMA = YES;
				CLANG_WARN_CONSTANT_CONVERSION = YES;
				CLANG_WARN_DEPRECATED_OBJC_IMPLEMENTATIONS = YES;
				CLANG_WARN_DIRECT_OBJC_ISA_USAGE = YES_ERROR;
				CLANG_WARN_DOCUMENTATION_COMMENTS = YES;
				CLANG_WARN_EMPTY_BODY = YES;
				CLANG_WARN_ENUM_CONVERSION = YES;
				CLANG_WARN_INFINITE_RECURSION = YES;
				CLANG_WARN_INT_CONVERSION = YES;
				CLANG_WARN_NON_LITERAL_NULL_CONVERSION = YES;
				CLANG_WARN_OBJC_IMPLICIT_RETAIN_SELF = YES;
				CLANG_WARN_OBJC_LITERAL_CONVERSION = YES;
				CLANG_WARN_OBJC_ROOT_CLASS = YES_ERROR;
				CLANG_WARN_QUOTED_INCLUDE_IN_FRAMEWORK_HEADER = YES;
				CLANG_WARN_RANGE_LOOP_ANALYSIS = YES;
				CLANG_WARN_STRICT_PROTOTYPES = YES;
				CLANG_WARN_SUSPICIOUS_MOVE = YES;
				CLANG_WARN_UNGUARDED_AVAILABILITY = YES_AGGRESSIVE;
				CLANG_WARN_UNREACHABLE_CODE = YES;
				CLANG_WARN__DUPLICATE_METHOD_MATCH = YES;
				COPY_PHASE_STRIP = NO;
				DEBUG_INFORMATION_FORMAT = "dwarf-with-dsym";
				ENABLE_NS_ASSERTIONS = NO;
				ENABLE_STRICT_OBJC_MSGSEND = YES;
				GCC_C_LANGUAGE_STANDARD = gnu11;
				GCC_NO_COMMON_BLOCKS = YES;
				GCC_WARN_64_TO_32_BIT_CONVERSION = YES;
				GCC_WARN_ABOUT_RETURN_TYPE = YES_ERROR;
				GCC_WARN_UNDECLARED_SELECTOR = YES;
				GCC_WARN_UNINITIALIZED_AUTOS = YES_AGGRESSIVE;
				GCC_WARN_UNUSED_FUNCTION = YES;
				GCC_WARN_UNUSED_VARIABLE = YES;
				IPHONEOS_DEPLOYMENT_TARGET = 15.0;
				MTL_ENABLE_DEBUG_INFO = NO;
				MTL_FAST_MATH = YES;
				SDKROOT = iphoneos;
				SWIFT_COMPILATION_MODE = wholemodule;
				SWIFT_OPTIMIZATION_LEVEL = "-O";
				VALIDATE_PRODUCT = YES;
			};
			name = Release;
		};
		DD0A0EBA277E04CF00918465 /* Debug */ = {
			isa = XCBuildConfiguration;
			buildSettings = {
				ASSETCATALOG_COMPILER_APPICON_NAME = AppIcon;
				ASSETCATALOG_COMPILER_GLOBAL_ACCENT_COLOR_NAME = AccentColor;
				CODE_SIGN_STYLE = Automatic;
				CURRENT_PROJECT_VERSION = 1;
				DEVELOPMENT_TEAM = CHF6QJR2PR;
				GENERATE_INFOPLIST_FILE = YES;
				INFOPLIST_FILE = BlogCompanion/Info.plist;
				INFOPLIST_KEY_UIApplicationSupportsIndirectInputEvents = YES;
				INFOPLIST_KEY_UILaunchStoryboardName = LaunchScreen;
				INFOPLIST_KEY_UIMainStoryboardFile = Main;
				INFOPLIST_KEY_UISupportedInterfaceOrientations_iPad = "UIInterfaceOrientationPortrait UIInterfaceOrientationPortraitUpsideDown UIInterfaceOrientationLandscapeLeft UIInterfaceOrientationLandscapeRight";
				INFOPLIST_KEY_UISupportedInterfaceOrientations_iPhone = "UIInterfaceOrientationPortrait UIInterfaceOrientationLandscapeLeft UIInterfaceOrientationLandscapeRight";
				LD_RUNPATH_SEARCH_PATHS = (
					"$(inherited)",
					"@executable_path/Frameworks",
				);
				MARKETING_VERSION = 1.0;
				PRODUCT_BUNDLE_IDENTIFIER = com.digitalprunes.BlogCompanion;
				PRODUCT_NAME = "$(TARGET_NAME)";
				SWIFT_EMIT_LOC_STRINGS = YES;
				SWIFT_VERSION = 5.0;
				TARGETED_DEVICE_FAMILY = "1,2";
			};
			name = Debug;
		};
		DD0A0EBB277E04CF00918465 /* Release */ = {
			isa = XCBuildConfiguration;
			buildSettings = {
				ASSETCATALOG_COMPILER_APPICON_NAME = AppIcon;
				ASSETCATALOG_COMPILER_GLOBAL_ACCENT_COLOR_NAME = AccentColor;
				CODE_SIGN_STYLE = Automatic;
				CURRENT_PROJECT_VERSION = 1;
				DEVELOPMENT_TEAM = CHF6QJR2PR;
				GENERATE_INFOPLIST_FILE = YES;
				INFOPLIST_FILE = BlogCompanion/Info.plist;
				INFOPLIST_KEY_UIApplicationSupportsIndirectInputEvents = YES;
				INFOPLIST_KEY_UILaunchStoryboardName = LaunchScreen;
				INFOPLIST_KEY_UIMainStoryboardFile = Main;
				INFOPLIST_KEY_UISupportedInterfaceOrientations_iPad = "UIInterfaceOrientationPortrait UIInterfaceOrientationPortraitUpsideDown UIInterfaceOrientationLandscapeLeft UIInterfaceOrientationLandscapeRight";
				INFOPLIST_KEY_UISupportedInterfaceOrientations_iPhone = "UIInterfaceOrientationPortrait UIInterfaceOrientationLandscapeLeft UIInterfaceOrientationLandscapeRight";
				LD_RUNPATH_SEARCH_PATHS = (
					"$(inherited)",
					"@executable_path/Frameworks",
				);
				MARKETING_VERSION = 1.0;
				PRODUCT_BUNDLE_IDENTIFIER = com.digitalprunes.BlogCompanion;
				PRODUCT_NAME = "$(TARGET_NAME)";
				SWIFT_EMIT_LOC_STRINGS = YES;
				SWIFT_VERSION = 5.0;
				TARGETED_DEVICE_FAMILY = "1,2";
			};
			name = Release;
		};
/* End XCBuildConfiguration section */

/* Begin XCConfigurationList section */
		DD0A0EA0277E04CE00918465 /* Build configuration list for PBXProject "BlogCompanion" */ = {
			isa = XCConfigurationList;
			buildConfigurations = (
				DD0A0EB7277E04CF00918465 /* Debug */,
				DD0A0EB8277E04CF00918465 /* Release */,
			);
			defaultConfigurationIsVisible = 0;
			defaultConfigurationName = Release;
		};
		DD0A0EB9277E04CF00918465 /* Build configuration list for PBXNativeTarget "BlogCompanion" */ = {
			isa = XCConfigurationList;
			buildConfigurations = (
				DD0A0EBA277E04CF00918465 /* Debug */,
				DD0A0EBB277E04CF00918465 /* Release */,
			);
			defaultConfigurationIsVisible = 0;
			defaultConfigurationName = Release;
		};
/* End XCConfigurationList section */
	};
	rootObject = DD0A0E9D277E04CE00918465 /* Project object */;
}
